
Microsoft Visual Studio Solution File, Format Version 12.00
# Visual Studio Version 17
VisualStudioVersion = 17.1.32210.238
MinimumVisualStudioVersion = 10.0.40219.1
Project("{8BC9CEB8-8B4A-11D0-8D11-00A0C91BC942}") = "TicTacToe", "TicTacToe.vcxproj", "{D602C517-25DF-46C5-B4B1-1F622FDA2D4F}"
EndProject
Global
	GlobalSection(SolutionConfigurationPlatforms) = preSolution
		Debug|x64 = Debug|x64
		Debug|x86 = Debug|x86
		Release|x64 = Release|x64
		Release|x86 = Release|x86
	EndGlobalSection
	GlobalSection(ProjectConfigurationPlatforms) = postSolution
		{D602C517-25DF-46C5-B4B1-1F622FDA2D4F}.Debug|x64.ActiveCfg = Debug|x64
		{D602C517-25DF-46C5-B4B1-1F622FDA2D4F}.Debug|x64.Build.0 = Debug|x64
		{D602C517-25DF-46C5-B4B1-1F622FDA2D4F}.Debug|x86.ActiveCfg = Debug|Win32
		{D602C517-25DF-46C5-B4B1-1F622FDA2D4F}.Debug|x86.Build.0 = Debug|Win32
		{D602C517-25DF-46C5-B4B1-1F622FDA2D4F}.Release|x64.ActiveCfg = Release|x64
		{D602C517-25DF-46C5-B4B1-1F622FDA2D4F}.Release|x64.Build.0 = Release|x64
		{D602C517-25DF-46C5-B4B1-1F622FDA2D4F}.Release|x86.ActiveCfg = Release|Win32
		{D602C517-25DF-46C5-B4B1-1F622FDA2D4F}.Release|x86.Build.0 = Release|Win32
	EndGlobalSection
	GlobalSection(SolutionProperties) = preSolution
		HideSolutionNode = FALSE
	EndGlobalSection
	GlobalSection(ExtensibilityGlobals) = postSolution
		SolutionGuid = {B2FF562F-5A1F-42F5-B15A-C2E6100A2FE0}
	EndGlobalSection
EndGlobal
