
Microsoft Visual Studio Solution File, Format Version 12.00
# Visual Studio Version 17
VisualStudioVersion = 17.0.31912.275
MinimumVisualStudioVersion = 10.0.40219.1
Project("{FAE04EC0-301F-11D3-BF4B-00C04F79EFBC}") = "RecipesApp", "RecipesApp.csproj", "{ABF8DB62-F297-4B73-B2EB-A3ADE48478B7}"
EndProject
Global
	GlobalSection(SolutionConfigurationPlatforms) = preSolution
		Debug|Any CPU = Debug|Any CPU
		Release|Any CPU = Release|Any CPU
	EndGlobalSection
	GlobalSection(ProjectConfigurationPlatforms) = postSolution
		{ABF8DB62-F297-4B73-B2EB-A3ADE48478B7}.Debug|Any CPU.ActiveCfg = Debug|Any CPU
		{ABF8DB62-F297-4B73-B2EB-A3ADE48478B7}.Debug|Any CPU.Build.0 = Debug|Any CPU
		{ABF8DB62-F297-4B73-B2EB-A3ADE48478B7}.Release|Any CPU.ActiveCfg = Release|Any CPU
		{ABF8DB62-F297-4B73-B2EB-A3ADE48478B7}.Release|Any CPU.Build.0 = Release|Any CPU
	EndGlobalSection
	GlobalSection(SolutionProperties) = preSolution
		HideSolutionNode = FALSE
	EndGlobalSection
	GlobalSection(ExtensibilityGlobals) = postSolution
		SolutionGuid = {1B5D8C25-2858-4CC7-9419-E3C58F3D065A}
	EndGlobalSection
EndGlobal
